// !$*UTF8*$!
{
	archiveVersion = 1;
	classes = {
	};
	objectVersion = 50;
	objects = {

/* Begin PBXBuildFile section */
		9B3FF99A274D0E0600F55CA4 /* AppDelegate.swift in Sources */ = {isa = PBXBuildFile; fileRef = 9B3FF999274D0E0600F55CA4 /* AppDelegate.swift */; };
		9B3FF99C274D0E0600F55CA4 /* ViewController.swift in Sources */ = {isa = PBXBuildFile; fileRef = 9B3FF99B274D0E0600F55CA4 /* ViewController.swift */; };
		9B3FF99F274D0E0600F55CA4 /* Main.storyboard in Resources */ = {isa = PBXBuildFile; fileRef = 9B3FF99D274D0E0600F55CA4 /* Main.storyboard */; };
		9B3FF9A2274D0E0600F55CA4 /* GithubTest.xcdatamodeld in Sources */ = {isa = PBXBuildFile; fileRef = 9B3FF9A0274D0E0600F55CA4 /* GithubTest.xcdatamodeld */; };
		9B3FF9A4274D0E0800F55CA4 /* Assets.xcassets in Resources */ = {isa = PBXBuildFile; fileRef = 9B3FF9A3274D0E0800F55CA4 /* Assets.xcassets */; };
		9B3FF9A7274D0E0800F55CA4 /* LaunchScreen.storyboard in Resources */ = {isa = PBXBuildFile; fileRef = 9B3FF9A5274D0E0800F55CA4 /* LaunchScreen.storyboard */; };
		9B3FF9B2274D0E0800F55CA4 /* GithubTestTests.swift in Sources */ = {isa = PBXBuildFile; fileRef = 9B3FF9B1274D0E0800F55CA4 /* GithubTestTests.swift */; };
		9B3FF9BD274D0E0800F55CA4 /* GithubTestUITests.swift in Sources */ = {isa = PBXBuildFile; fileRef = 9B3FF9BC274D0E0800F55CA4 /* GithubTestUITests.swift */; };
		9BCA3566274E50FE00906C88 /* ViewController1.swift in Sources */ = {isa = PBXBuildFile; fileRef = 9BCA3565274E50FE00906C88 /* ViewController1.swift */; };
/* End PBXBuildFile section */

/* Begin PBXContainerItemProxy section */
		9B3FF9AE274D0E0800F55CA4 /* PBXContainerItemProxy */ = {
			isa = PBXContainerItemProxy;
			containerPortal = 9B3FF98E274D0E0600F55CA4 /* Project object */;
			proxyType = 1;
			remoteGlobalIDString = 9B3FF995274D0E0600F55CA4;
			remoteInfo = GithubTest;
		};
		9B3FF9B9274D0E0800F55CA4 /* PBXContainerItemProxy */ = {
			isa = PBXContainerItemProxy;
			containerPortal = 9B3FF98E274D0E0600F55CA4 /* Project object */;
			proxyType = 1;
			remoteGlobalIDString = 9B3FF995274D0E0600F55CA4;
			remoteInfo = GithubTest;
		};
/* End PBXContainerItemProxy section */

/* Begin PBXFileReference section */
		9B3FF996274D0E0600F55CA4 /* GithubTest.app */ = {isa = PBXFileReference; explicitFileType = wrapper.application; includeInIndex = 0; path = GithubTest.app; sourceTree = BUILT_PRODUCTS_DIR; };
		9B3FF999274D0E0600F55CA4 /* AppDelegate.swift */ = {isa = PBXFileReference; lastKnownFileType = sourcecode.swift; path = AppDelegate.swift; sourceTree = "<group>"; };
		9B3FF99B274D0E0600F55CA4 /* ViewController.swift */ = {isa = PBXFileReference; lastKnownFileType = sourcecode.swift; path = ViewController.swift; sourceTree = "<group>"; };
		9B3FF99E274D0E0600F55CA4 /* Base */ = {isa = PBXFileReference; lastKnownFileType = file.storyboard; name = Base; path = Base.lproj/Main.storyboard; sourceTree = "<group>"; };
		9B3FF9A1274D0E0600F55CA4 /* GithubTest.xcdatamodel */ = {isa = PBXFileReference; lastKnownFileType = wrapper.xcdatamodel; path = GithubTest.xcdatamodel; sourceTree = "<group>"; };
		9B3FF9A3274D0E0800F55CA4 /* Assets.xcassets */ = {isa = PBXFileReference; lastKnownFileType = folder.assetcatalog; path = Assets.xcassets; sourceTree = "<group>"; };
		9B3FF9A6274D0E0800F55CA4 /* Base */ = {isa = PBXFileReference; lastKnownFileType = file.storyboard; name = Base; path = Base.lproj/LaunchScreen.storyboard; sourceTree = "<group>"; };
		9B3FF9A8274D0E0800F55CA4 /* Info.plist */ = {isa = PBXFileReference; lastKnownFileType = text.plist.xml; path = Info.plist; sourceTree = "<group>"; };
		9B3FF9AD274D0E0800F55CA4 /* GithubTestTests.xctest */ = {isa = PBXFileReference; explicitFileType = wrapper.cfbundle; includeInIndex = 0; path = GithubTestTests.xctest; sourceTree = BUILT_PRODUCTS_DIR; };
		9B3FF9B1274D0E0800F55CA4 /* GithubTestTests.swift */ = {isa = PBXFileReference; lastKnownFileType = sourcecode.swift; path = GithubTestTests.swift; sourceTree = "<group>"; };
		9B3FF9B3274D0E0800F55CA4 /* Info.plist */ = {isa = PBXFileReference; lastKnownFileType = text.plist.xml; path = Info.plist; sourceTree = "<group>"; };
		9B3FF9B8274D0E0800F55CA4 /* GithubTestUITests.xctest */ = {isa = PBXFileReference; explicitFileType = wrapper.cfbundle; includeInIndex = 0; path = GithubTestUITests.xctest; sourceTree = BUILT_PRODUCTS_DIR; };
		9B3FF9BC274D0E0800F55CA4 /* GithubTestUITests.swift */ = {isa = PBXFileReference; lastKnownFileType = sourcecode.swift; path = GithubTestUITests.swift; sourceTree = "<group>"; };
		9B3FF9BE274D0E0800F55CA4 /* Info.plist */ = {isa = PBXFileReference; lastKnownFileType = text.plist.xml; path = Info.plist; sourceTree = "<group>"; };
		9BCA3565274E50FE00906C88 /* ViewController1.swift */ = {isa = PBXFileReference; lastKnownFileType = sourcecode.swift; path = ViewController1.swift; sourceTree = "<group>"; };
/* End PBXFileReference section */

/* Begin PBXFrameworksBuildPhase section */
		9B3FF993274D0E0600F55CA4 /* Frameworks */ = {
			isa = PBXFrameworksBuildPhase;
			buildActionMask = 2147483647;
			files = (
			);
			runOnlyForDeploymentPostprocessing = 0;
		};
		9B3FF9AA274D0E0800F55CA4 /* Frameworks */ = {
			isa = PBXFrameworksBuildPhase;
			buildActionMask = 2147483647;
			files = (
			);
			runOnlyForDeploymentPostprocessing = 0;
		};
		9B3FF9B5274D0E0800F55CA4 /* Frameworks */ = {
			isa = PBXFrameworksBuildPhase;
			buildActionMask = 2147483647;
			files = (
			);
			runOnlyForDeploymentPostprocessing = 0;
		};
/* End PBXFrameworksBuildPhase section */

/* Begin PBXGroup section */
		9B3FF98D274D0E0600F55CA4 = {
			isa = PBXGroup;
			children = (
				9B3FF998274D0E0600F55CA4 /* GithubTest */,
				9B3FF9B0274D0E0800F55CA4 /* GithubTestTests */,
				9B3FF9BB274D0E0800F55CA4 /* GithubTestUITests */,
				9B3FF997274D0E0600F55CA4 /* Products */,
			);
			sourceTree = "<group>";
		};
		9B3FF997274D0E0600F55CA4 /* Products */ = {
			isa = PBXGroup;
			children = (
				9B3FF996274D0E0600F55CA4 /* GithubTest.app */,
				9B3FF9AD274D0E0800F55CA4 /* GithubTestTests.xctest */,
				9B3FF9B8274D0E0800F55CA4 /* GithubTestUITests.xctest */,
			);
			name = Products;
			sourceTree = "<group>";
		};
		9B3FF998274D0E0600F55CA4 /* GithubTest */ = {
			isa = PBXGroup;
			children = (
				9B3FF999274D0E0600F55CA4 /* AppDelegate.swift */,
				9B3FF99B274D0E0600F55CA4 /* ViewController.swift */,
				9BCA3565274E50FE00906C88 /* ViewController1.swift */,
				9B3FF99D274D0E0600F55CA4 /* Main.storyboard */,
				9B3FF9A3274D0E0800F55CA4 /* Assets.xcassets */,
				9B3FF9A5274D0E0800F55CA4 /* LaunchScreen.storyboard */,
				9B3FF9A8274D0E0800F55CA4 /* Info.plist */,
				9B3FF9A0274D0E0600F55CA4 /* GithubTest.xcdatamodeld */,
			);
			path = GithubTest;
			sourceTree = "<group>";
		};
		9B3FF9B0274D0E0800F55CA4 /* GithubTestTests */ = {
			isa = PBXGroup;
			children = (
				9B3FF9B1274D0E0800F55CA4 /* GithubTestTests.swift */,
				9B3FF9B3274D0E0800F55CA4 /* Info.plist */,
			);
			path = GithubTestTests;
			sourceTree = "<group>";
		};
		9B3FF9BB274D0E0800F55CA4 /* GithubTestUITests */ = {
			isa = PBXGroup;
			children = (
				9B3FF9BC274D0E0800F55CA4 /* GithubTestUITests.swift */,
				9B3FF9BE274D0E0800F55CA4 /* Info.plist */,
			);
			path = GithubTestUITests;
			sourceTree = "<group>";
		};
/* End PBXGroup section */

/* Begin PBXNativeTarget section */
		9B3FF995274D0E0600F55CA4 /* GithubTest */ = {
			isa = PBXNativeTarget;
			buildConfigurationList = 9B3FF9C1274D0E0800F55CA4 /* Build configuration list for PBXNativeTarget "GithubTest" */;
			buildPhases = (
				9B3FF992274D0E0600F55CA4 /* Sources */,
				9B3FF993274D0E0600F55CA4 /* Frameworks */,
				9B3FF994274D0E0600F55CA4 /* Resources */,
			);
			buildRules = (
			);
			dependencies = (
			);
			name = GithubTest;
			productName = GithubTest;
			productReference = 9B3FF996274D0E0600F55CA4 /* GithubTest.app */;
			productType = "com.apple.product-type.application";
		};
		9B3FF9AC274D0E0800F55CA4 /* GithubTestTests */ = {
			isa = PBXNativeTarget;
			buildConfigurationList = 9B3FF9C4274D0E0800F55CA4 /* Build configuration list for PBXNativeTarget "GithubTestTests" */;
			buildPhases = (
				9B3FF9A9274D0E0800F55CA4 /* Sources */,
				9B3FF9AA274D0E0800F55CA4 /* Frameworks */,
				9B3FF9AB274D0E0800F55CA4 /* Resources */,
			);
			buildRules = (
			);
			dependencies = (
				9B3FF9AF274D0E0800F55CA4 /* PBXTargetDependency */,
			);
			name = GithubTestTests;
			productName = GithubTestTests;
			productReference = 9B3FF9AD274D0E0800F55CA4 /* GithubTestTests.xctest */;
			productType = "com.apple.product-type.bundle.unit-test";
		};
		9B3FF9B7274D0E0800F55CA4 /* GithubTestUITests */ = {
			isa = PBXNativeTarget;
			buildConfigurationList = 9B3FF9C7274D0E0800F55CA4 /* Build configuration list for PBXNativeTarget "GithubTestUITests" */;
			buildPhases = (
				9B3FF9B4274D0E0800F55CA4 /* Sources */,
				9B3FF9B5274D0E0800F55CA4 /* Frameworks */,
				9B3FF9B6274D0E0800F55CA4 /* Resources */,
			);
			buildRules = (
			);
			dependencies = (
				9B3FF9BA274D0E0800F55CA4 /* PBXTargetDependency */,
			);
			name = GithubTestUITests;
			productName = GithubTestUITests;
			productReference = 9B3FF9B8274D0E0800F55CA4 /* GithubTestUITests.xctest */;
			productType = "com.apple.product-type.bundle.ui-testing";
		};
/* End PBXNativeTarget section */

/* Begin PBXProject section */
		9B3FF98E274D0E0600F55CA4 /* Project object */ = {
			isa = PBXProject;
			attributes = {
				LastSwiftUpdateCheck = 0940;
				LastUpgradeCheck = 0940;
				ORGANIZATIONNAME = "Bala Krishna";
				TargetAttributes = {
					9B3FF995274D0E0600F55CA4 = {
						CreatedOnToolsVersion = 9.4.1;
					};
					9B3FF9AC274D0E0800F55CA4 = {
						CreatedOnToolsVersion = 9.4.1;
						TestTargetID = 9B3FF995274D0E0600F55CA4;
					};
					9B3FF9B7274D0E0800F55CA4 = {
						CreatedOnToolsVersion = 9.4.1;
						TestTargetID = 9B3FF995274D0E0600F55CA4;
					};
				};
			};
			buildConfigurationList = 9B3FF991274D0E0600F55CA4 /* Build configuration list for PBXProject "GithubTest" */;
			compatibilityVersion = "Xcode 9.3";
			developmentRegion = en;
			hasScannedForEncodings = 0;
			knownRegions = (
				en,
				Base,
			);
			mainGroup = 9B3FF98D274D0E0600F55CA4;
			productRefGroup = 9B3FF997274D0E0600F55CA4 /* Products */;
			projectDirPath = "";
			projectRoot = "";
			targets = (
				9B3FF995274D0E0600F55CA4 /* GithubTest */,
				9B3FF9AC274D0E0800F55CA4 /* GithubTestTests */,
				9B3FF9B7274D0E0800F55CA4 /* GithubTestUITests */,
			);
		};
/* End PBXProject section */

/* Begin PBXResourcesBuildPhase section */
		9B3FF994274D0E0600F55CA4 /* Resources */ = {
			isa = PBXResourcesBuildPhase;
			buildActionMask = 2147483647;
			files = (
				9B3FF9A7274D0E0800F55CA4 /* LaunchScreen.storyboard in Resources */,
				9B3FF9A4274D0E0800F55CA4 /* Assets.xcassets in Resources */,
				9B3FF99F274D0E0600F55CA4 /* Main.storyboard in Resources */,
			);
			runOnlyForDeploymentPostprocessing = 0;
		};
		9B3FF9AB274D0E0800F55CA4 /* Resources */ = {
			isa = PBXResourcesBuildPhase;
			buildActionMask = 2147483647;
			files = (
			);
			runOnlyForDeploymentPostprocessing = 0;
		};
		9B3FF9B6274D0E0800F55CA4 /* Resources */ = {
			isa = PBXResourcesBuildPhase;
			buildActionMask = 2147483647;
			files = (
			);
			runOnlyForDeploymentPostprocessing = 0;
		};
/* End PBXResourcesBuildPhase section */

/* Begin PBXSourcesBuildPhase section */
		9B3FF992274D0E0600F55CA4 /* Sources */ = {
			isa = PBXSourcesBuildPhase;
			buildActionMask = 2147483647;
			files = (
				9BCA3566274E50FE00906C88 /* ViewController1.swift in Sources */,
				9B3FF99C274D0E0600F55CA4 /* ViewController.swift in Sources */,
				9B3FF99A274D0E0600F55CA4 /* AppDelegate.swift in Sources */,
				9B3FF9A2274D0E0600F55CA4 /* GithubTest.xcdatamodeld in Sources */,
			);
			runOnlyForDeploymentPostprocessing = 0;
		};
		9B3FF9A9274D0E0800F55CA4 /* Sources */ = {
			isa = PBXSourcesBuildPhase;
			buildActionMask = 2147483647;
			files = (
				9B3FF9B2274D0E0800F55CA4 /* GithubTestTests.swift in Sources */,
			);
			runOnlyForDeploymentPostprocessing = 0;
		};
		9B3FF9B4274D0E0800F55CA4 /* Sources */ = {
			isa = PBXSourcesBuildPhase;
			buildActionMask = 2147483647;
			files = (
				9B3FF9BD274D0E0800F55CA4 /* GithubTestUITests.swift in Sources */,
			);
			runOnlyForDeploymentPostprocessing = 0;
		};
/* End PBXSourcesBuildPhase section */

/* Begin PBXTargetDependency section */
		9B3FF9AF274D0E0800F55CA4 /* PBXTargetDependency */ = {
			isa = PBXTargetDependency;
			target = 9B3FF995274D0E0600F55CA4 /* GithubTest */;
			targetProxy = 9B3FF9AE274D0E0800F55CA4 /* PBXContainerItemProxy */;
		};
		9B3FF9BA274D0E0800F55CA4 /* PBXTargetDependency */ = {
			isa = PBXTargetDependency;
			target = 9B3FF995274D0E0600F55CA4 /* GithubTest */;
			targetProxy = 9B3FF9B9274D0E0800F55CA4 /* PBXContainerItemProxy */;
		};
/* End PBXTargetDependency section */

/* Begin PBXVariantGroup section */
		9B3FF99D274D0E0600F55CA4 /* Main.storyboard */ = {
			isa = PBXVariantGroup;
			children = (
				9B3FF99E274D0E0600F55CA4 /* Base */,
			);
			name = Main.storyboard;
			sourceTree = "<group>";
		};
		9B3FF9A5274D0E0800F55CA4 /* LaunchScreen.storyboard */ = {
			isa = PBXVariantGroup;
			children = (
				9B3FF9A6274D0E0800F55CA4 /* Base */,
			);
			name = LaunchScreen.storyboard;
			sourceTree = "<group>";
		};
/* End PBXVariantGroup section */

/* Begin XCBuildConfiguration section */
		9B3FF9BF274D0E0800F55CA4 /* Debug */ = {
			isa = XCBuildConfiguration;
			buildSettings = {
				ALWAYS_SEARCH_USER_PATHS = NO;
				CLANG_ANALYZER_NONNULL = YES;
				CLANG_ANALYZER_NUMBER_OBJECT_CONVERSION = YES_AGGRESSIVE;
				CLANG_CXX_LANGUAGE_STANDARD = "gnu++14";
				CLANG_CXX_LIBRARY = "libc++";
				CLANG_ENABLE_MODULES = YES;
				CLANG_ENABLE_OBJC_ARC = YES;
				CLANG_ENABLE_OBJC_WEAK = YES;
				CLANG_WARN_BLOCK_CAPTURE_AUTORELEASING = YES;
				CLANG_WARN_BOOL_CONVERSION = YES;
				CLANG_WARN_COMMA = YES;
				CLANG_WARN_CONSTANT_CONVERSION = YES;
				CLANG_WARN_DEPRECATED_OBJC_IMPLEMENTATIONS = YES;
				CLANG_WARN_DIRECT_OBJC_ISA_USAGE = YES_ERROR;
				CLANG_WARN_DOCUMENTATION_COMMENTS = YES;
				CLANG_WARN_EMPTY_BODY = YES;
				CLANG_WARN_ENUM_CONVERSION = YES;
				CLANG_WARN_INFINITE_RECURSION = YES;
				CLANG_WARN_INT_CONVERSION = YES;
				CLANG_WARN_NON_LITERAL_NULL_CONVERSION = YES;
				CLANG_WARN_OBJC_IMPLICIT_RETAIN_SELF = YES;
				CLANG_WARN_OBJC_LITERAL_CONVERSION = YES;
				CLANG_WARN_OBJC_ROOT_CLASS = YES_ERROR;
				CLANG_WARN_RANGE_LOOP_ANALYSIS = YES;
				CLANG_WARN_STRICT_PROTOTYPES = YES;
				CLANG_WARN_SUSPICIOUS_MOVE = YES;
				CLANG_WARN_UNGUARDED_AVAILABILITY = YES_AGGRESSIVE;
				CLANG_WARN_UNREACHABLE_CODE = YES;
				CLANG_WARN__DUPLICATE_METHOD_MATCH = YES;
				CODE_SIGN_IDENTITY = "iPhone Developer";
				COPY_PHASE_STRIP = NO;
				DEBUG_INFORMATION_FORMAT = dwarf;
				ENABLE_STRICT_OBJC_MSGSEND = YES;
				ENABLE_TESTABILITY = YES;
				GCC_C_LANGUAGE_STANDARD = gnu11;
				GCC_DYNAMIC_NO_PIC = NO;
				GCC_NO_COMMON_BLOCKS = YES;
				GCC_OPTIMIZATION_LEVEL = 0;
				GCC_PREPROCESSOR_DEFINITIONS = (
					"DEBUG=1",
					"$(inherited)",
				);
				GCC_WARN_64_TO_32_BIT_CONVERSION = YES;
				GCC_WARN_ABOUT_RETURN_TYPE = YES_ERROR;
				GCC_WARN_UNDECLARED_SELECTOR = YES;
				GCC_WARN_UNINITIALIZED_AUTOS = YES_AGGRESSIVE;
				GCC_WARN_UNUSED_FUNCTION = YES;
				GCC_WARN_UNUSED_VARIABLE = YES;
				IPHONEOS_DEPLOYMENT_TARGET = 11.4;
				MTL_ENABLE_DEBUG_INFO = YES;
				ONLY_ACTIVE_ARCH = YES;
				SDKROOT = iphoneos;
				SWIFT_ACTIVE_COMPILATION_CONDITIONS = DEBUG;
				SWIFT_OPTIMIZATION_LEVEL = "-Onone";
			};
			name = Debug;
		};
		9B3FF9C0274D0E0800F55CA4 /* Release */ = {
			isa = XCBuildConfiguration;
			buildSettings = {
				ALWAYS_SEARCH_USER_PATHS = NO;
				CLANG_ANALYZER_NONNULL = YES;
				CLANG_ANALYZER_NUMBER_OBJECT_CONVERSION = YES_AGGRESSIVE;
				CLANG_CXX_LANGUAGE_STANDARD = "gnu++14";
				CLANG_CXX_LIBRARY = "libc++";
				CLANG_ENABLE_MODULES = YES;
				CLANG_ENABLE_OBJC_ARC = YES;
				CLANG_ENABLE_OBJC_WEAK = YES;
				CLANG_WARN_BLOCK_CAPTURE_AUTORELEASING = YES;
				CLANG_WARN_BOOL_CONVERSION = YES;
				CLANG_WARN_COMMA = YES;
				CLANG_WARN_CONSTANT_CONVERSION = YES;
				CLANG_WARN_DEPRECATED_OBJC_IMPLEMENTATIONS = YES;
				CLANG_WARN_DIRECT_OBJC_ISA_USAGE = YES_ERROR;
				CLANG_WARN_DOCUMENTATION_COMMENTS = YES;
				CLANG_WARN_EMPTY_BODY = YES;
				CLANG_WARN_ENUM_CONVERSION = YES;
				CLANG_WARN_INFINITE_RECURSION = YES;
				CLANG_WARN_INT_CONVERSION = YES;
				CLANG_WARN_NON_LITERAL_NULL_CONVERSION = YES;
				CLANG_WARN_OBJC_IMPLICIT_RETAIN_SELF = YES;
				CLANG_WARN_OBJC_LITERAL_CONVERSION = YES;
				CLANG_WARN_OBJC_ROOT_CLASS = YES_ERROR;
				CLANG_WARN_RANGE_LOOP_ANALYSIS = YES;
				CLANG_WARN_STRICT_PROTOTYPES = YES;
				CLANG_WARN_SUSPICIOUS_MOVE = YES;
				CLANG_WARN_UNGUARDED_AVAILABILITY = YES_AGGRESSIVE;
				CLANG_WARN_UNREACHABLE_CODE = YES;
				CLANG_WARN__DUPLICATE_METHOD_MATCH = YES;
				CODE_SIGN_IDENTITY = "iPhone Developer";
				COPY_PHASE_STRIP = NO;
				DEBUG_INFORMATION_FORMAT = "dwarf-with-dsym";
				ENABLE_NS_ASSERTIONS = NO;
				ENABLE_STRICT_OBJC_MSGSEND = YES;
				GCC_C_LANGUAGE_STANDARD = gnu11;
				GCC_NO_COMMON_BLOCKS = YES;
				GCC_WARN_64_TO_32_BIT_CONVERSION = YES;
				GCC_WARN_ABOUT_RETURN_TYPE = YES_ERROR;
				GCC_WARN_UNDECLARED_SELECTOR = YES;
				GCC_WARN_UNINITIALIZED_AUTOS = YES_AGGRESSIVE;
				GCC_WARN_UNUSED_FUNCTION = YES;
				GCC_WARN_UNUSED_VARIABLE = YES;
				IPHONEOS_DEPLOYMENT_TARGET = 11.4;
				MTL_ENABLE_DEBUG_INFO = NO;
				SDKROOT = iphoneos;
				SWIFT_COMPILATION_MODE = wholemodule;
				SWIFT_OPTIMIZATION_LEVEL = "-O";
				VALIDATE_PRODUCT = YES;
			};
			name = Release;
		};
		9B3FF9C2274D0E0800F55CA4 /* Debug */ = {
			isa = XCBuildConfiguration;
			buildSettings = {
				ASSETCATALOG_COMPILER_APPICON_NAME = AppIcon;
				CODE_SIGN_STYLE = Automatic;
				INFOPLIST_FILE = GithubTest/Info.plist;
				LD_RUNPATH_SEARCH_PATHS = (
					"$(inherited)",
					"@executable_path/Frameworks",
				);
				PRODUCT_BUNDLE_IDENTIFIER = com.Technoforte.com.GithubTest;
				PRODUCT_NAME = "$(TARGET_NAME)";
				SWIFT_VERSION = 4.0;
				TARGETED_DEVICE_FAMILY = "1,2";
			};
			name = Debug;
		};
		9B3FF9C3274D0E0800F55CA4 /* Release */ = {
			isa = XCBuildConfiguration;
			buildSettings = {
				ASSETCATALOG_COMPILER_APPICON_NAME = AppIcon;
				CODE_SIGN_STYLE = Automatic;
				INFOPLIST_FILE = GithubTest/Info.plist;
				LD_RUNPATH_SEARCH_PATHS = (
					"$(inherited)",
					"@executable_path/Frameworks",
				);
				PRODUCT_BUNDLE_IDENTIFIER = com.Technoforte.com.GithubTest;
				PRODUCT_NAME = "$(TARGET_NAME)";
				SWIFT_VERSION = 4.0;
				TARGETED_DEVICE_FAMILY = "1,2";
			};
			name = Release;
		};
		9B3FF9C5274D0E0800F55CA4 /* Debug */ = {
			isa = XCBuildConfiguration;
			buildSettings = {
				ALWAYS_EMBED_SWIFT_STANDARD_LIBRARIES = YES;
				BUNDLE_LOADER = "$(TEST_HOST)";
				CODE_SIGN_STYLE = Automatic;
				INFOPLIST_FILE = GithubTestTests/Info.plist;
				LD_RUNPATH_SEARCH_PATHS = (
					"$(inherited)",
					"@executable_path/Frameworks",
					"@loader_path/Frameworks",
				);
				PRODUCT_BUNDLE_IDENTIFIER = com.Technoforte.com.GithubTestTests;
				PRODUCT_NAME = "$(TARGET_NAME)";
				SWIFT_VERSION = 4.0;
				TARGETED_DEVICE_FAMILY = "1,2";
				TEST_HOST = "$(BUILT_PRODUCTS_DIR)/GithubTest.app/GithubTest";
			};
			name = Debug;
		};
		9B3FF9C6274D0E0800F55CA4 /* Release */ = {
			isa = XCBuildConfiguration;
			buildSettings = {
				ALWAYS_EMBED_SWIFT_STANDARD_LIBRARIES = YES;
				BUNDLE_LOADER = "$(TEST_HOST)";
				CODE_SIGN_STYLE = Automatic;
				INFOPLIST_FILE = GithubTestTests/Info.plist;
				LD_RUNPATH_SEARCH_PATHS = (
					"$(inherited)",
					"@executable_path/Frameworks",
					"@loader_path/Frameworks",
				);
				PRODUCT_BUNDLE_IDENTIFIER = com.Technoforte.com.GithubTestTests;
				PRODUCT_NAME = "$(TARGET_NAME)";
				SWIFT_VERSION = 4.0;
				TARGETED_DEVICE_FAMILY = "1,2";
				TEST_HOST = "$(BUILT_PRODUCTS_DIR)/GithubTest.app/GithubTest";
			};
			name = Release;
		};
		9B3FF9C8274D0E0800F55CA4 /* Debug */ = {
			isa = XCBuildConfiguration;
			buildSettings = {
				ALWAYS_EMBED_SWIFT_STANDARD_LIBRARIES = YES;
				CODE_SIGN_STYLE = Automatic;
				INFOPLIST_FILE = GithubTestUITests/Info.plist;
				LD_RUNPATH_SEARCH_PATHS = (
					"$(inherited)",
					"@executable_path/Frameworks",
					"@loader_path/Frameworks",
				);
				PRODUCT_BUNDLE_IDENTIFIER = com.Technoforte.com.GithubTestUITests;
				PRODUCT_NAME = "$(TARGET_NAME)";
				SWIFT_VERSION = 4.0;
				TARGETED_DEVICE_FAMILY = "1,2";
				TEST_TARGET_NAME = GithubTest;
			};
			name = Debug;
		};
		9B3FF9C9274D0E0800F55CA4 /* Release */ = {
			isa = XCBuildConfiguration;
			buildSettings = {
				ALWAYS_EMBED_SWIFT_STANDARD_LIBRARIES = YES;
				CODE_SIGN_STYLE = Automatic;
				INFOPLIST_FILE = GithubTestUITests/Info.plist;
				LD_RUNPATH_SEARCH_PATHS = (
					"$(inherited)",
					"@executable_path/Frameworks",
					"@loader_path/Frameworks",
				);
				PRODUCT_BUNDLE_IDENTIFIER = com.Technoforte.com.GithubTestUITests;
				PRODUCT_NAME = "$(TARGET_NAME)";
				SWIFT_VERSION = 4.0;
				TARGETED_DEVICE_FAMILY = "1,2";
				TEST_TARGET_NAME = GithubTest;
			};
			name = Release;
		};
/* End XCBuildConfiguration section */

/* Begin XCConfigurationList section */
		9B3FF991274D0E0600F55CA4 /* Build configuration list for PBXProject "GithubTest" */ = {
			isa = XCConfigurationList;
			buildConfigurations = (
				9B3FF9BF274D0E0800F55CA4 /* Debug */,
				9B3FF9C0274D0E0800F55CA4 /* Release */,
			);
			defaultConfigurationIsVisible = 0;
			defaultConfigurationName = Release;
		};
		9B3FF9C1274D0E0800F55CA4 /* Build configuration list for PBXNativeTarget "GithubTest" */ = {
			isa = XCConfigurationList;
			buildConfigurations = (
				9B3FF9C2274D0E0800F55CA4 /* Debug */,
				9B3FF9C3274D0E0800F55CA4 /* Release */,
			);
			defaultConfigurationIsVisible = 0;
			defaultConfigurationName = Release;
		};
		9B3FF9C4274D0E0800F55CA4 /* Build configuration list for PBXNativeTarget "GithubTestTests" */ = {
			isa = XCConfigurationList;
			buildConfigurations = (
				9B3FF9C5274D0E0800F55CA4 /* Debug */,
				9B3FF9C6274D0E0800F55CA4 /* Release */,
			);
			defaultConfigurationIsVisible = 0;
			defaultConfigurationName = Release;
		};
		9B3FF9C7274D0E0800F55CA4 /* Build configuration list for PBXNativeTarget "GithubTestUITests" */ = {
			isa = XCConfigurationList;
			buildConfigurations = (
				9B3FF9C8274D0E0800F55CA4 /* Debug */,
				9B3FF9C9274D0E0800F55CA4 /* Release */,
			);
			defaultConfigurationIsVisible = 0;
			defaultConfigurationName = Release;
		};
/* End XCConfigurationList section */

/* Begin XCVersionGroup section */
		9B3FF9A0274D0E0600F55CA4 /* GithubTest.xcdatamodeld */ = {
			isa = XCVersionGroup;
			children = (
				9B3FF9A1274D0E0600F55CA4 /* GithubTest.xcdatamodel */,
			);
			currentVersion = 9B3FF9A1274D0E0600F55CA4 /* GithubTest.xcdatamodel */;
			path = GithubTest.xcdatamodeld;
			sourceTree = "<group>";
			versionGroupType = wrapper.xcdatamodel;
		};
/* End XCVersionGroup section */
	};
	rootObject = 9B3FF98E274D0E0600F55CA4 /* Project object */;
}
